
Microsoft Visual Studio Solution File, Format Version 12.00
# Visual Studio Version 17
VisualStudioVersion = 17.3.32825.248
MinimumVisualStudioVersion = 10.0.40219.1
Project("{8BC9CEB8-8B4A-11D0-8D11-00A0C91BC942}") = "2.11", "2.11\2.11.vcxproj", "{649DDA03-3590-4707-9FFB-F121E72AFAA8}"
EndProject
Global
	GlobalSection(SolutionConfigurationPlatforms) = preSolution
		Debug|x64 = Debug|x64
		Debug|x86 = Debug|x86
		Release|x64 = Release|x64
		Release|x86 = Release|x86
	EndGlobalSection
	GlobalSection(ProjectConfigurationPlatforms) = postSolution
		{649DDA03-3590-4707-9FFB-F121E72AFAA8}.Debug|x64.ActiveCfg = Debug|x64
		{649DDA03-3590-4707-9FFB-F121E72AFAA8}.Debug|x64.Build.0 = Debug|x64
		{649DDA03-3590-4707-9FFB-F121E72AFAA8}.Debug|x86.ActiveCfg = Debug|Win32
		{649DDA03-3590-4707-9FFB-F121E72AFAA8}.Debug|x86.Build.0 = Debug|Win32
		{649DDA03-3590-4707-9FFB-F121E72AFAA8}.Release|x64.ActiveCfg = Release|x64
		{649DDA03-3590-4707-9FFB-F121E72AFAA8}.Release|x64.Build.0 = Release|x64
		{649DDA03-3590-4707-9FFB-F121E72AFAA8}.Release|x86.ActiveCfg = Release|Win32
		{649DDA03-3590-4707-9FFB-F121E72AFAA8}.Release|x86.Build.0 = Release|Win32
	EndGlobalSection
	GlobalSection(SolutionProperties) = preSolution
		HideSolutionNode = FALSE
	EndGlobalSection
	GlobalSection(ExtensibilityGlobals) = postSolution
		SolutionGuid = {5368168C-AC14-420E-A385-0D6476015F94}
	EndGlobalSection
EndGlobal
